{
    "_readme": [
        "This file locks the dependencies of your project to a known state",
        "Read more about it at http://getcomposer.org/doc/01-basic-usage.md#composer-lock-the-lock-file",
        "This file is @generated automatically"
    ],
    "hash": "f9ad5e3592864190bb57254602268e14",
    "packages": [
        {
            "name": "composer/installers",
            "version": "v1.0.5",
            "source": {
                "type": "git",
                "url": "https://github.com/composer/installers.git",
                "reference": "5bad5563431576e1b318c7326c0e61c6567000bd"
            },
            "dist": {
                "type": "zip",
                "url": "https://api.github.com/repos/composer/installers/zipball/5bad5563431576e1b318c7326c0e61c6567000bd",
                "reference": "5bad5563431576e1b318c7326c0e61c6567000bd",
                "shasum": ""
            },
            "replace": {
                "shama/baton": "*"
            },
            "require-dev": {
                "composer/composer": "1.0.*@dev",
                "phpunit/phpunit": "3.7.*"
            },
            "type": "composer-installer",
            "extra": {
                "class": "Composer\\Installers\\Installer",
                "branch-alias": {
                    "dev-master": "1.0-dev"
                }
            },
            "autoload": {
                "psr-0": {
                    "Composer\\Installers\\": "src/"
                }
            },
            "notification-url": "https://packagist.org/downloads/",
            "license": [
                "MIT"
            ],
            "authors": [
                {
                    "name": "Kyle Robinson Young",
                    "email": "kyle@dontkry.com",
                    "homepage": "https://github.com/shama",
                    "role": "Developer"
                }
            ],
            "description": "A multi-framework Composer library installer",
            "homepage": "http://composer.github.com/installers/",
            "keywords": [
                "TYPO3 Flow",
                "TYPO3 Neos",
                "agl",
                "cakephp",
                "codeigniter",
                "drupal",
                "fuelphp",
                "installer",
                "joomla",
                "kohana",
                "laravel",
                "li3",
                "lithium",
                "mako",
                "modulework",
                "phpbb",
                "ppi",
                "silverstripe",
                "symfony",
                "wordpress",
                "zend"
            ],
            "time": "2013-08-07 17:25:08"
        },
        {
            "name": "openbuildings/flex-storage",
            "version": "0.1.3",
            "source": {
                "type": "git",
                "url": "https://github.com/OpenBuildings/flex-storage.git",
                "reference": "780d09228a3e4e5a3086c1f55592304502efe987"
            },
            "dist": {
                "type": "zip",
                "url": "https://api.github.com/repos/OpenBuildings/flex-storage/zipball/780d09228a3e4e5a3086c1f55592304502efe987",
                "reference": "780d09228a3e4e5a3086c1f55592304502efe987",
                "shasum": ""
            },
            "require": {
                "rackspace/php-opencloud": "1.5.*"
            },
            "type": "library",
            "autoload": {
                "psr-0": {
                    "Flex\\Storage\\": "src/"
                }
            },
            "notification-url": "https://packagist.org/downloads/",
            "license": [
                "BSD-3-Clause"
            ],
            "authors": [
                {
                    "name": "Ivan Kerin",
                    "email": "ivan@openbuildings.com",
                    "homepage": "https://github.com/OpenBuildings/jam",
                    "role": "Author"
                }
            ],
            "description": "Flexible storage provider for files (rackspace, aws, ftp, local)",
            "time": "2014-07-08 12:07:06"
        },
        {
            "name": "openbuildings/jam",
            "version": "0.4.0",
            "source": {
                "type": "git",
                "url": "https://github.com/OpenBuildings/jam.git",
                "reference": "b43b705bab91753db758643479a466f28e22be15"
            },
            "dist": {
                "type": "zip",
                "url": "https://api.github.com/repos/OpenBuildings/jam/zipball/b43b705bab91753db758643479a466f28e22be15",
                "reference": "b43b705bab91753db758643479a466f28e22be15",
                "shasum": ""
            },
            "require": {
                "composer/installers": "*",
                "openbuildings/flex-storage": "0.1.*",
                "php": ">=5.3.0"
            },
            "require-dev": {
                "openbuildings/kohana-test-bootsrap": "0.1.*"
            },
            "type": "kohana-module",
            "notification-url": "https://packagist.org/downloads/",
            "license": [
                "BSD-3-Clause"
            ],
            "authors": [
                {
                    "name": "Ivan Kerin",
                    "email": "ivan@openbuildings.com",
                    "homepage": "https://github.com/OpenBuildings/jam",
                    "role": "Author"
                }
            ],
            "description": "Small but feature rich ORM, has extensible models and builders, baked in upload functionality, supporting multiple backends (rackspace, ftp), polymorphic associations, form builders, nested forms, validators",
            "homepage": "https://github.com/OpenBuildings/jam",
            "keywords": [
                "database",
                "form builder",
                "kohana",
                "orm",
                "upload",
                "validation"
            ],
            "time": "2013-08-15 09:45:51"
        },
        {
            "name": "rackspace/php-opencloud",
            "version": "V1.5.10",
            "source": {
                "type": "git",
                "url": "https://github.com/rackspace/php-opencloud.git",
                "reference": "f4c4bbbae8b108c572b346a7cd350c62122451d5"
            },
            "dist": {
                "type": "zip",
                "url": "https://api.github.com/repos/rackspace/php-opencloud/zipball/f4c4bbbae8b108c572b346a7cd350c62122451d5",
                "reference": "f4c4bbbae8b108c572b346a7cd350c62122451d5",
                "shasum": ""
            },
            "require": {
                "ext-curl": "*",
                "php": ">=5.3.0"
            },
            "type": "library",
            "autoload": {
                "classmap": [
                    "lib/"
                ]
            },
            "notification-url": "https://packagist.org/downloads/",
            "license": [
                "MIT"
            ],
            "authors": [
                {
                    "name": "Glen Campbell",
                    "email": "glen.campbell@rackspace.com"
                },
                {
                    "name": "Jamie Hannaford",
                    "email": "jamie.hannaford@rackspace.com",
                    "homepage": "https://github.com/jamiehannaford"
                }
            ],
            "description": "Rackspace open cloud php library",
            "keywords": [
                "cloudfiles",
                "opencloud"
            ],
            "time": "2013-08-01 16:12:19"
        }
    ],
    "packages-dev": [
        {
            "name": "facebook/php-sdk",
            "version": "v3.2.3",
            "source": {
                "type": "git",
                "url": "https://github.com/facebookarchive/facebook-php-sdk.git",
                "reference": "6714042fa2f5979d4c64c7d11fb4bcab16bdf6cb"
            },
            "dist": {
                "type": "zip",
                "url": "https://api.github.com/repos/facebookarchive/facebook-php-sdk/zipball/6714042fa2f5979d4c64c7d11fb4bcab16bdf6cb",
                "reference": "6714042fa2f5979d4c64c7d11fb4bcab16bdf6cb",
                "shasum": ""
            },
            "require": {
                "ext-curl": "*",
                "ext-json": "*",
                "php": ">=5.2.0"
            },
            "require-dev": {
                "phpunit/phpunit": "3.7.*"
            },
            "type": "library",
            "autoload": {
                "classmap": [
                    "src"
                ]
            },
            "notification-url": "https://packagist.org/downloads/",
            "license": [
                "Apache2"
            ],
            "authors": [
                {
                    "name": "Facebook",
                    "homepage": "https://github.com/facebook/facebook-php-sdk/contributors"
                }
            ],
            "description": "Facebook PHP SDK",
            "homepage": "https://github.com/facebook/facebook-php-sdk",
            "keywords": [
                "facebook",
                "sdk"
            ],
            "abandoned": "facebook/php-sdk-v4",
            "time": "2013-11-19 23:11:14"
        },
        {
            "name": "openbuildings/kohana-test-bootsrap",
            "version": "0.1.0",
            "source": {
                "type": "git",
                "url": "https://github.com/OpenBuildings/kohana-test-bootstrap.git",
                "reference": "00f1f6dad4a755662c5c77b3739d248614bab15d"
            },
            "dist": {
                "type": "zip",
                "url": "https://api.github.com/repos/OpenBuildings/kohana-test-bootstrap/zipball/00f1f6dad4a755662c5c77b3739d248614bab15d",
                "reference": "00f1f6dad4a755662c5c77b3739d248614bab15d",
                "shasum": ""
            },
            "type": "library",
            "autoload": {
                "files": [
                    "bootstrap.php"
                ]
            },
            "notification-url": "https://packagist.org/downloads/",
            "license": [
                "BSD-3-Clause"
            ],
            "authors": [
                {
                    "name": "Ivan Kerin",
                    "email": "ivan@openbuildings.com",
                    "homepage": "https://github.com/OpenBuildings/jam",
                    "role": "Author"
                }
            ],
            "description": "Kohana core classes repackaged with composer, used to test modules",
            "time": "2013-08-12 09:28:25"
        }
    ],
    "aliases": [],
    "minimum-stability": "stable",
    "stability-flags": [],
    "prefer-stable": false,
    "platform": {
        "php": ">=5.3.0"
    },
    "platform-dev": []
}
